// !$*UTF8*$!
{
	archiveVersion = 1;
	classes = {
	};
	objectVersion = 56;
	objects = {

/* Begin PBXBuildFile section */
		A82AEFCD2C8AB9760093C55A /* GymerciseApp.swift in Sources */ = {isa = PBXBuildFile; fileRef = A82AEFCC2C8AB9760093C55A /* GymerciseApp.swift */; };
		A82AEFCF2C8AB9760093C55A /* ContentView.swift in Sources */ = {isa = PBXBuildFile; fileRef = A82AEFCE2C8AB9760093C55A /* ContentView.swift */; };
		A82AEFD12C8AB9770093C55A /* Assets.xcassets in Resources */ = {isa = PBXBuildFile; fileRef = A82AEFD02C8AB9770093C55A /* Assets.xcassets */; };
		A82AEFD42C8AB9770093C55A /* Preview Assets.xcassets in Resources */ = {isa = PBXBuildFile; fileRef = A82AEFD32C8AB9770093C55A /* Preview Assets.xcassets */; };
		A82AEFD62C8AB9770093C55A /* Persistence.swift in Sources */ = {isa = PBXBuildFile; fileRef = A82AEFD52C8AB9770093C55A /* Persistence.swift */; };
		A82AEFD92C8AB9770093C55A /* Gymercise.xcdatamodeld in Sources */ = {isa = PBXBuildFile; fileRef = A82AEFD72C8AB9770093C55A /* Gymercise.xcdatamodeld */; };
		A82AEFE32C8AB9780093C55A /* GymerciseTests.swift in Sources */ = {isa = PBXBuildFile; fileRef = A82AEFE22C8AB9780093C55A /* GymerciseTests.swift */; };
		A82AEFED2C8AB9780093C55A /* GymerciseUITests.swift in Sources */ = {isa = PBXBuildFile; fileRef = A82AEFEC2C8AB9780093C55A /* GymerciseUITests.swift */; };
		A82AEFEF2C8AB9780093C55A /* GymerciseUITestsLaunchTests.swift in Sources */ = {isa = PBXBuildFile; fileRef = A82AEFEE2C8AB9780093C55A /* GymerciseUITestsLaunchTests.swift */; };
/* End PBXBuildFile section */

/* Begin PBXContainerItemProxy section */
		A82AEFDF2C8AB9780093C55A /* PBXContainerItemProxy */ = {
			isa = PBXContainerItemProxy;
			containerPortal = A82AEFC12C8AB9760093C55A /* Project object */;
			proxyType = 1;
			remoteGlobalIDString = A82AEFC82C8AB9760093C55A;
			remoteInfo = Gymercise;
		};
		A82AEFE92C8AB9780093C55A /* PBXContainerItemProxy */ = {
			isa = PBXContainerItemProxy;
			containerPortal = A82AEFC12C8AB9760093C55A /* Project object */;
			proxyType = 1;
			remoteGlobalIDString = A82AEFC82C8AB9760093C55A;
			remoteInfo = Gymercise;
		};
/* End PBXContainerItemProxy section */

/* Begin PBXFileReference section */
		A82AEFC92C8AB9760093C55A /* Gymercise.app */ = {isa = PBXFileReference; explicitFileType = wrapper.application; includeInIndex = 0; path = Gymercise.app; sourceTree = BUILT_PRODUCTS_DIR; };
		A82AEFCC2C8AB9760093C55A /* GymerciseApp.swift */ = {isa = PBXFileReference; lastKnownFileType = sourcecode.swift; path = GymerciseApp.swift; sourceTree = "<group>"; };
		A82AEFCE2C8AB9760093C55A /* ContentView.swift */ = {isa = PBXFileReference; lastKnownFileType = sourcecode.swift; path = ContentView.swift; sourceTree = "<group>"; };
		A82AEFD02C8AB9770093C55A /* Assets.xcassets */ = {isa = PBXFileReference; lastKnownFileType = folder.assetcatalog; path = Assets.xcassets; sourceTree = "<group>"; };
		A82AEFD32C8AB9770093C55A /* Preview Assets.xcassets */ = {isa = PBXFileReference; lastKnownFileType = folder.assetcatalog; path = "Preview Assets.xcassets"; sourceTree = "<group>"; };
		A82AEFD52C8AB9770093C55A /* Persistence.swift */ = {isa = PBXFileReference; lastKnownFileType = sourcecode.swift; path = Persistence.swift; sourceTree = "<group>"; };
		A82AEFD82C8AB9770093C55A /* Gymercise.xcdatamodel */ = {isa = PBXFileReference; lastKnownFileType = wrapper.xcdatamodel; path = Gymercise.xcdatamodel; sourceTree = "<group>"; };
		A82AEFDE2C8AB9780093C55A /* GymerciseTests.xctest */ = {isa = PBXFileReference; explicitFileType = wrapper.cfbundle; includeInIndex = 0; path = GymerciseTests.xctest; sourceTree = BUILT_PRODUCTS_DIR; };
		A82AEFE22C8AB9780093C55A /* GymerciseTests.swift */ = {isa = PBXFileReference; lastKnownFileType = sourcecode.swift; path = GymerciseTests.swift; sourceTree = "<group>"; };
		A82AEFE82C8AB9780093C55A /* GymerciseUITests.xctest */ = {isa = PBXFileReference; explicitFileType = wrapper.cfbundle; includeInIndex = 0; path = GymerciseUITests.xctest; sourceTree = BUILT_PRODUCTS_DIR; };
		A82AEFEC2C8AB9780093C55A /* GymerciseUITests.swift */ = {isa = PBXFileReference; lastKnownFileType = sourcecode.swift; path = GymerciseUITests.swift; sourceTree = "<group>"; };
		A82AEFEE2C8AB9780093C55A /* GymerciseUITestsLaunchTests.swift */ = {isa = PBXFileReference; lastKnownFileType = sourcecode.swift; path = GymerciseUITestsLaunchTests.swift; sourceTree = "<group>"; };
/* End PBXFileReference section */

/* Begin PBXFrameworksBuildPhase section */
		A82AEFC62C8AB9760093C55A /* Frameworks */ = {
			isa = PBXFrameworksBuildPhase;
			buildActionMask = 2147483647;
			files = (
			);
			runOnlyForDeploymentPostprocessing = 0;
		};
		A82AEFDB2C8AB9780093C55A /* Frameworks */ = {
			isa = PBXFrameworksBuildPhase;
			buildActionMask = 2147483647;
			files = (
			);
			runOnlyForDeploymentPostprocessing = 0;
		};
		A82AEFE52C8AB9780093C55A /* Frameworks */ = {
			isa = PBXFrameworksBuildPhase;
			buildActionMask = 2147483647;
			files = (
			);
			runOnlyForDeploymentPostprocessing = 0;
		};
/* End PBXFrameworksBuildPhase section */

/* Begin PBXGroup section */
		A82AEFC02C8AB9760093C55A = {
			isa = PBXGroup;
			children = (
				A82AEFCB2C8AB9760093C55A /* Gymercise */,
				A82AEFE12C8AB9780093C55A /* GymerciseTests */,
				A82AEFEB2C8AB9780093C55A /* GymerciseUITests */,
				A82AEFCA2C8AB9760093C55A /* Products */,
			);
			sourceTree = "<group>";
		};
		A82AEFCA2C8AB9760093C55A /* Products */ = {
			isa = PBXGroup;
			children = (
				A82AEFC92C8AB9760093C55A /* Gymercise.app */,
				A82AEFDE2C8AB9780093C55A /* GymerciseTests.xctest */,
				A82AEFE82C8AB9780093C55A /* GymerciseUITests.xctest */,
			);
			name = Products;
			sourceTree = "<group>";
		};
		A82AEFCB2C8AB9760093C55A /* Gymercise */ = {
			isa = PBXGroup;
			children = (
				A82AEFCC2C8AB9760093C55A /* GymerciseApp.swift */,
				A82AEFCE2C8AB9760093C55A /* ContentView.swift */,
				A82AEFD02C8AB9770093C55A /* Assets.xcassets */,
				A82AEFD52C8AB9770093C55A /* Persistence.swift */,
				A82AEFD72C8AB9770093C55A /* Gymercise.xcdatamodeld */,
				A82AEFD22C8AB9770093C55A /* Preview Content */,
			);
			path = Gymercise;
			sourceTree = "<group>";
		};
		A82AEFD22C8AB9770093C55A /* Preview Content */ = {
			isa = PBXGroup;
			children = (
				A82AEFD32C8AB9770093C55A /* Preview Assets.xcassets */,
			);
			path = "Preview Content";
			sourceTree = "<group>";
		};
		A82AEFE12C8AB9780093C55A /* GymerciseTests */ = {
			isa = PBXGroup;
			children = (
				A82AEFE22C8AB9780093C55A /* GymerciseTests.swift */,
			);
			path = GymerciseTests;
			sourceTree = "<group>";
		};
		A82AEFEB2C8AB9780093C55A /* GymerciseUITests */ = {
			isa = PBXGroup;
			children = (
				A82AEFEC2C8AB9780093C55A /* GymerciseUITests.swift */,
				A82AEFEE2C8AB9780093C55A /* GymerciseUITestsLaunchTests.swift */,
			);
			path = GymerciseUITests;
			sourceTree = "<group>";
		};
/* End PBXGroup section */

/* Begin PBXNativeTarget section */
		A82AEFC82C8AB9760093C55A /* Gymercise */ = {
			isa = PBXNativeTarget;
			buildConfigurationList = A82AEFF22C8AB9780093C55A /* Build configuration list for PBXNativeTarget "Gymercise" */;
			buildPhases = (
				A82AEFC52C8AB9760093C55A /* Sources */,
				A82AEFC62C8AB9760093C55A /* Frameworks */,
				A82AEFC72C8AB9760093C55A /* Resources */,
			);
			buildRules = (
			);
			dependencies = (
			);
			name = Gymercise;
			productName = Gymercise;
			productReference = A82AEFC92C8AB9760093C55A /* Gymercise.app */;
			productType = "com.apple.product-type.application";
		};
		A82AEFDD2C8AB9780093C55A /* GymerciseTests */ = {
			isa = PBXNativeTarget;
			buildConfigurationList = A82AEFF52C8AB9780093C55A /* Build configuration list for PBXNativeTarget "GymerciseTests" */;
			buildPhases = (
				A82AEFDA2C8AB9780093C55A /* Sources */,
				A82AEFDB2C8AB9780093C55A /* Frameworks */,
				A82AEFDC2C8AB9780093C55A /* Resources */,
			);
			buildRules = (
			);
			dependencies = (
				A82AEFE02C8AB9780093C55A /* PBXTargetDependency */,
			);
			name = GymerciseTests;
			productName = GymerciseTests;
			productReference = A82AEFDE2C8AB9780093C55A /* GymerciseTests.xctest */;
			productType = "com.apple.product-type.bundle.unit-test";
		};
		A82AEFE72C8AB9780093C55A /* GymerciseUITests */ = {
			isa = PBXNativeTarget;
			buildConfigurationList = A82AEFF82C8AB9780093C55A /* Build configuration list for PBXNativeTarget "GymerciseUITests" */;
			buildPhases = (
				A82AEFE42C8AB9780093C55A /* Sources */,
				A82AEFE52C8AB9780093C55A /* Frameworks */,
				A82AEFE62C8AB9780093C55A /* Resources */,
			);
			buildRules = (
			);
			dependencies = (
				A82AEFEA2C8AB9780093C55A /* PBXTargetDependency */,
			);
			name = GymerciseUITests;
			productName = GymerciseUITests;
			productReference = A82AEFE82C8AB9780093C55A /* GymerciseUITests.xctest */;
			productType = "com.apple.product-type.bundle.ui-testing";
		};
/* End PBXNativeTarget section */

/* Begin PBXProject section */
		A82AEFC12C8AB9760093C55A /* Project object */ = {
			isa = PBXProject;
			attributes = {
				BuildIndependentTargetsInParallel = 1;
				LastSwiftUpdateCheck = 1540;
				LastUpgradeCheck = 1540;
				TargetAttributes = {
					A82AEFC82C8AB9760093C55A = {
						CreatedOnToolsVersion = 15.4;
					};
					A82AEFDD2C8AB9780093C55A = {
						CreatedOnToolsVersion = 15.4;
						TestTargetID = A82AEFC82C8AB9760093C55A;
					};
					A82AEFE72C8AB9780093C55A = {
						CreatedOnToolsVersion = 15.4;
						TestTargetID = A82AEFC82C8AB9760093C55A;
					};
				};
			};
			buildConfigurationList = A82AEFC42C8AB9760093C55A /* Build configuration list for PBXProject "Gymercise" */;
			compatibilityVersion = "Xcode 14.0";
			developmentRegion = en;
			hasScannedForEncodings = 0;
			knownRegions = (
				en,
				Base,
			);
			mainGroup = A82AEFC02C8AB9760093C55A;
			productRefGroup = A82AEFCA2C8AB9760093C55A /* Products */;
			projectDirPath = "";
			projectRoot = "";
			targets = (
				A82AEFC82C8AB9760093C55A /* Gymercise */,
				A82AEFDD2C8AB9780093C55A /* GymerciseTests */,
				A82AEFE72C8AB9780093C55A /* GymerciseUITests */,
			);
		};
/* End PBXProject section */

/* Begin PBXResourcesBuildPhase section */
		A82AEFC72C8AB9760093C55A /* Resources */ = {
			isa = PBXResourcesBuildPhase;
			buildActionMask = 2147483647;
			files = (
				A82AEFD42C8AB9770093C55A /* Preview Assets.xcassets in Resources */,
				A82AEFD12C8AB9770093C55A /* Assets.xcassets in Resources */,
			);
			runOnlyForDeploymentPostprocessing = 0;
		};
		A82AEFDC2C8AB9780093C55A /* Resources */ = {
			isa = PBXResourcesBuildPhase;
			buildActionMask = 2147483647;
			files = (
			);
			runOnlyForDeploymentPostprocessing = 0;
		};
		A82AEFE62C8AB9780093C55A /* Resources */ = {
			isa = PBXResourcesBuildPhase;
			buildActionMask = 2147483647;
			files = (
			);
			runOnlyForDeploymentPostprocessing = 0;
		};
/* End PBXResourcesBuildPhase section */

/* Begin PBXSourcesBuildPhase section */
		A82AEFC52C8AB9760093C55A /* Sources */ = {
			isa = PBXSourcesBuildPhase;
			buildActionMask = 2147483647;
			files = (
				A82AEFD62C8AB9770093C55A /* Persistence.swift in Sources */,
				A82AEFCF2C8AB9760093C55A /* ContentView.swift in Sources */,
				A82AEFD92C8AB9770093C55A /* Gymercise.xcdatamodeld in Sources */,
				A82AEFCD2C8AB9760093C55A /* GymerciseApp.swift in Sources */,
			);
			runOnlyForDeploymentPostprocessing = 0;
		};
		A82AEFDA2C8AB9780093C55A /* Sources */ = {
			isa = PBXSourcesBuildPhase;
			buildActionMask = 2147483647;
			files = (
				A82AEFE32C8AB9780093C55A /* GymerciseTests.swift in Sources */,
			);
			runOnlyForDeploymentPostprocessing = 0;
		};
		A82AEFE42C8AB9780093C55A /* Sources */ = {
			isa = PBXSourcesBuildPhase;
			buildActionMask = 2147483647;
			files = (
				A82AEFED2C8AB9780093C55A /* GymerciseUITests.swift in Sources */,
				A82AEFEF2C8AB9780093C55A /* GymerciseUITestsLaunchTests.swift in Sources */,
			);
			runOnlyForDeploymentPostprocessing = 0;
		};
/* End PBXSourcesBuildPhase section */

/* Begin PBXTargetDependency section */
		A82AEFE02C8AB9780093C55A /* PBXTargetDependency */ = {
			isa = PBXTargetDependency;
			target = A82AEFC82C8AB9760093C55A /* Gymercise */;
			targetProxy = A82AEFDF2C8AB9780093C55A /* PBXContainerItemProxy */;
		};
		A82AEFEA2C8AB9780093C55A /* PBXTargetDependency */ = {
			isa = PBXTargetDependency;
			target = A82AEFC82C8AB9760093C55A /* Gymercise */;
			targetProxy = A82AEFE92C8AB9780093C55A /* PBXContainerItemProxy */;
		};
/* End PBXTargetDependency section */

/* Begin XCBuildConfiguration section */
		A82AEFF02C8AB9780093C55A /* Debug */ = {
			isa = XCBuildConfiguration;
			buildSettings = {
				ALWAYS_SEARCH_USER_PATHS = NO;
				ASSETCATALOG_COMPILER_GENERATE_SWIFT_ASSET_SYMBOL_EXTENSIONS = YES;
				CLANG_ANALYZER_NONNULL = YES;
				CLANG_ANALYZER_NUMBER_OBJECT_CONVERSION = YES_AGGRESSIVE;
				CLANG_CXX_LANGUAGE_STANDARD = "gnu++20";
				CLANG_ENABLE_MODULES = YES;
				CLANG_ENABLE_OBJC_ARC = YES;
				CLANG_ENABLE_OBJC_WEAK = YES;
				CLANG_WARN_BLOCK_CAPTURE_AUTORELEASING = YES;
				CLANG_WARN_BOOL_CONVERSION = YES;
				CLANG_WARN_COMMA = YES;
				CLANG_WARN_CONSTANT_CONVERSION = YES;
				CLANG_WARN_DEPRECATED_OBJC_IMPLEMENTATIONS = YES;
				CLANG_WARN_DIRECT_OBJC_ISA_USAGE = YES_ERROR;
				CLANG_WARN_DOCUMENTATION_COMMENTS = YES;
				CLANG_WARN_EMPTY_BODY = YES;
				CLANG_WARN_ENUM_CONVERSION = YES;
				CLANG_WARN_INFINITE_RECURSION = YES;
				CLANG_WARN_INT_CONVERSION = YES;
				CLANG_WARN_NON_LITERAL_NULL_CONVERSION = YES;
				CLANG_WARN_OBJC_IMPLICIT_RETAIN_SELF = YES;
				CLANG_WARN_OBJC_LITERAL_CONVERSION = YES;
				CLANG_WARN_OBJC_ROOT_CLASS = YES_ERROR;
				CLANG_WARN_QUOTED_INCLUDE_IN_FRAMEWORK_HEADER = YES;
				CLANG_WARN_RANGE_LOOP_ANALYSIS = YES;
				CLANG_WARN_STRICT_PROTOTYPES = YES;
				CLANG_WARN_SUSPICIOUS_MOVE = YES;
				CLANG_WARN_UNGUARDED_AVAILABILITY = YES_AGGRESSIVE;
				CLANG_WARN_UNREACHABLE_CODE = YES;
				CLANG_WARN__DUPLICATE_METHOD_MATCH = YES;
				COPY_PHASE_STRIP = NO;
				DEBUG_INFORMATION_FORMAT = dwarf;
				ENABLE_STRICT_OBJC_MSGSEND = YES;
				ENABLE_TESTABILITY = YES;
				ENABLE_USER_SCRIPT_SANDBOXING = YES;
				GCC_C_LANGUAGE_STANDARD = gnu17;
				GCC_DYNAMIC_NO_PIC = NO;
				GCC_NO_COMMON_BLOCKS = YES;
				GCC_OPTIMIZATION_LEVEL = 0;
				GCC_PREPROCESSOR_DEFINITIONS = (
					"DEBUG=1",
					"$(inherited)",
				);
				GCC_WARN_64_TO_32_BIT_CONVERSION = YES;
				GCC_WARN_ABOUT_RETURN_TYPE = YES_ERROR;
				GCC_WARN_UNDECLARED_SELECTOR = YES;
				GCC_WARN_UNINITIALIZED_AUTOS = YES_AGGRESSIVE;
				GCC_WARN_UNUSED_FUNCTION = YES;
				GCC_WARN_UNUSED_VARIABLE = YES;
				IPHONEOS_DEPLOYMENT_TARGET = 17.5;
				LOCALIZATION_PREFERS_STRING_CATALOGS = YES;
				MTL_ENABLE_DEBUG_INFO = INCLUDE_SOURCE;
				MTL_FAST_MATH = YES;
				ONLY_ACTIVE_ARCH = YES;
				SDKROOT = iphoneos;
				SWIFT_ACTIVE_COMPILATION_CONDITIONS = "DEBUG $(inherited)";
				SWIFT_OPTIMIZATION_LEVEL = "-Onone";
			};
			name = Debug;
		};
		A82AEFF12C8AB9780093C55A /* Release */ = {
			isa = XCBuildConfiguration;
			buildSettings = {
				ALWAYS_SEARCH_USER_PATHS = NO;
				ASSETCATALOG_COMPILER_GENERATE_SWIFT_ASSET_SYMBOL_EXTENSIONS = YES;
				CLANG_ANALYZER_NONNULL = YES;
				CLANG_ANALYZER_NUMBER_OBJECT_CONVERSION = YES_AGGRESSIVE;
				CLANG_CXX_LANGUAGE_STANDARD = "gnu++20";
				CLANG_ENABLE_MODULES = YES;
				CLANG_ENABLE_OBJC_ARC = YES;
				CLANG_ENABLE_OBJC_WEAK = YES;
				CLANG_WARN_BLOCK_CAPTURE_AUTORELEASING = YES;
				CLANG_WARN_BOOL_CONVERSION = YES;
				CLANG_WARN_COMMA = YES;
				CLANG_WARN_CONSTANT_CONVERSION = YES;
				CLANG_WARN_DEPRECATED_OBJC_IMPLEMENTATIONS = YES;
				CLANG_WARN_DIRECT_OBJC_ISA_USAGE = YES_ERROR;
				CLANG_WARN_DOCUMENTATION_COMMENTS = YES;
				CLANG_WARN_EMPTY_BODY = YES;
				CLANG_WARN_ENUM_CONVERSION = YES;
				CLANG_WARN_INFINITE_RECURSION = YES;
				CLANG_WARN_INT_CONVERSION = YES;
				CLANG_WARN_NON_LITERAL_NULL_CONVERSION = YES;
				CLANG_WARN_OBJC_IMPLICIT_RETAIN_SELF = YES;
				CLANG_WARN_OBJC_LITERAL_CONVERSION = YES;
				CLANG_WARN_OBJC_ROOT_CLASS = YES_ERROR;
				CLANG_WARN_QUOTED_INCLUDE_IN_FRAMEWORK_HEADER = YES;
				CLANG_WARN_RANGE_LOOP_ANALYSIS = YES;
				CLANG_WARN_STRICT_PROTOTYPES = YES;
				CLANG_WARN_SUSPICIOUS_MOVE = YES;
				CLANG_WARN_UNGUARDED_AVAILABILITY = YES_AGGRESSIVE;
				CLANG_WARN_UNREACHABLE_CODE = YES;
				CLANG_WARN__DUPLICATE_METHOD_MATCH = YES;
				COPY_PHASE_STRIP = NO;
				DEBUG_INFORMATION_FORMAT = "dwarf-with-dsym";
				ENABLE_NS_ASSERTIONS = NO;
				ENABLE_STRICT_OBJC_MSGSEND = YES;
				ENABLE_USER_SCRIPT_SANDBOXING = YES;
				GCC_C_LANGUAGE_STANDARD = gnu17;
				GCC_NO_COMMON_BLOCKS = YES;
				GCC_WARN_64_TO_32_BIT_CONVERSION = YES;
				GCC_WARN_ABOUT_RETURN_TYPE = YES_ERROR;
				GCC_WARN_UNDECLARED_SELECTOR = YES;
				GCC_WARN_UNINITIALIZED_AUTOS = YES_AGGRESSIVE;
				GCC_WARN_UNUSED_FUNCTION = YES;
				GCC_WARN_UNUSED_VARIABLE = YES;
				IPHONEOS_DEPLOYMENT_TARGET = 17.5;
				LOCALIZATION_PREFERS_STRING_CATALOGS = YES;
				MTL_ENABLE_DEBUG_INFO = NO;
				MTL_FAST_MATH = YES;
				SDKROOT = iphoneos;
				SWIFT_COMPILATION_MODE = wholemodule;
				VALIDATE_PRODUCT = YES;
			};
			name = Release;
		};
		A82AEFF32C8AB9780093C55A /* Debug */ = {
			isa = XCBuildConfiguration;
			buildSettings = {
				ASSETCATALOG_COMPILER_APPICON_NAME = AppIcon;
				ASSETCATALOG_COMPILER_GLOBAL_ACCENT_COLOR_NAME = AccentColor;
				CODE_SIGN_STYLE = Automatic;
				CURRENT_PROJECT_VERSION = 1;
				DEVELOPMENT_ASSET_PATHS = "\"Gymercise/Preview Content\"";
				ENABLE_PREVIEWS = YES;
				GENERATE_INFOPLIST_FILE = YES;
				INFOPLIST_KEY_UIApplicationSceneManifest_Generation = YES;
				INFOPLIST_KEY_UIApplicationSupportsIndirectInputEvents = YES;
				INFOPLIST_KEY_UILaunchScreen_Generation = YES;
				INFOPLIST_KEY_UISupportedInterfaceOrientations_iPad = "UIInterfaceOrientationPortrait UIInterfaceOrientationPortraitUpsideDown UIInterfaceOrientationLandscapeLeft UIInterfaceOrientationLandscapeRight";
				INFOPLIST_KEY_UISupportedInterfaceOrientations_iPhone = "UIInterfaceOrientationPortrait UIInterfaceOrientationLandscapeLeft UIInterfaceOrientationLandscapeRight";
				LD_RUNPATH_SEARCH_PATHS = (
					"$(inherited)",
					"@executable_path/Frameworks",
				);
				MARKETING_VERSION = 1.0;
				PRODUCT_BUNDLE_IDENTIFIER = Gymercise.Gymercise;
				PRODUCT_NAME = "$(TARGET_NAME)";
				SWIFT_EMIT_LOC_STRINGS = YES;
				SWIFT_VERSION = 5.0;
				TARGETED_DEVICE_FAMILY = "1,2";
			};
			name = Debug;
		};
		A82AEFF42C8AB9780093C55A /* Release */ = {
			isa = XCBuildConfiguration;
			buildSettings = {
				ASSETCATALOG_COMPILER_APPICON_NAME = AppIcon;
				ASSETCATALOG_COMPILER_GLOBAL_ACCENT_COLOR_NAME = AccentColor;
				CODE_SIGN_STYLE = Automatic;
				CURRENT_PROJECT_VERSION = 1;
				DEVELOPMENT_ASSET_PATHS = "\"Gymercise/Preview Content\"";
				ENABLE_PREVIEWS = YES;
				GENERATE_INFOPLIST_FILE = YES;
				INFOPLIST_KEY_UIApplicationSceneManifest_Generation = YES;
				INFOPLIST_KEY_UIApplicationSupportsIndirectInputEvents = YES;
				INFOPLIST_KEY_UILaunchScreen_Generation = YES;
				INFOPLIST_KEY_UISupportedInterfaceOrientations_iPad = "UIInterfaceOrientationPortrait UIInterfaceOrientationPortraitUpsideDown UIInterfaceOrientationLandscapeLeft UIInterfaceOrientationLandscapeRight";
				INFOPLIST_KEY_UISupportedInterfaceOrientations_iPhone = "UIInterfaceOrientationPortrait UIInterfaceOrientationLandscapeLeft UIInterfaceOrientationLandscapeRight";
				LD_RUNPATH_SEARCH_PATHS = (
					"$(inherited)",
					"@executable_path/Frameworks",
				);
				MARKETING_VERSION = 1.0;
				PRODUCT_BUNDLE_IDENTIFIER = Gymercise.Gymercise;
				PRODUCT_NAME = "$(TARGET_NAME)";
				SWIFT_EMIT_LOC_STRINGS = YES;
				SWIFT_VERSION = 5.0;
				TARGETED_DEVICE_FAMILY = "1,2";
			};
			name = Release;
		};
		A82AEFF62C8AB9780093C55A /* Debug */ = {
			isa = XCBuildConfiguration;
			buildSettings = {
				ALWAYS_EMBED_SWIFT_STANDARD_LIBRARIES = YES;
				BUNDLE_LOADER = "$(TEST_HOST)";
				CODE_SIGN_STYLE = Automatic;
				CURRENT_PROJECT_VERSION = 1;
				GENERATE_INFOPLIST_FILE = YES;
				IPHONEOS_DEPLOYMENT_TARGET = 17.5;
				MARKETING_VERSION = 1.0;
				PRODUCT_BUNDLE_IDENTIFIER = Gymercise.GymerciseTests;
				PRODUCT_NAME = "$(TARGET_NAME)";
				SWIFT_EMIT_LOC_STRINGS = NO;
				SWIFT_VERSION = 5.0;
				TARGETED_DEVICE_FAMILY = "1,2";
				TEST_HOST = "$(BUILT_PRODUCTS_DIR)/Gymercise.app/$(BUNDLE_EXECUTABLE_FOLDER_PATH)/Gymercise";
			};
			name = Debug;
		};
		A82AEFF72C8AB9780093C55A /* Release */ = {
			isa = XCBuildConfiguration;
			buildSettings = {
				ALWAYS_EMBED_SWIFT_STANDARD_LIBRARIES = YES;
				BUNDLE_LOADER = "$(TEST_HOST)";
				CODE_SIGN_STYLE = Automatic;
				CURRENT_PROJECT_VERSION = 1;
				GENERATE_INFOPLIST_FILE = YES;
				IPHONEOS_DEPLOYMENT_TARGET = 17.5;
				MARKETING_VERSION = 1.0;
				PRODUCT_BUNDLE_IDENTIFIER = Gymercise.GymerciseTests;
				PRODUCT_NAME = "$(TARGET_NAME)";
				SWIFT_EMIT_LOC_STRINGS = NO;
				SWIFT_VERSION = 5.0;
				TARGETED_DEVICE_FAMILY = "1,2";
				TEST_HOST = "$(BUILT_PRODUCTS_DIR)/Gymercise.app/$(BUNDLE_EXECUTABLE_FOLDER_PATH)/Gymercise";
			};
			name = Release;
		};
		A82AEFF92C8AB9780093C55A /* Debug */ = {
			isa = XCBuildConfiguration;
			buildSettings = {
				ALWAYS_EMBED_SWIFT_STANDARD_LIBRARIES = YES;
				CODE_SIGN_STYLE = Automatic;
				CURRENT_PROJECT_VERSION = 1;
				GENERATE_INFOPLIST_FILE = YES;
				MARKETING_VERSION = 1.0;
				PRODUCT_BUNDLE_IDENTIFIER = Gymercise.GymerciseUITests;
				PRODUCT_NAME = "$(TARGET_NAME)";
				SWIFT_EMIT_LOC_STRINGS = NO;
				SWIFT_VERSION = 5.0;
				TARGETED_DEVICE_FAMILY = "1,2";
				TEST_TARGET_NAME = Gymercise;
			};
			name = Debug;
		};
		A82AEFFA2C8AB9780093C55A /* Release */ = {
			isa = XCBuildConfiguration;
			buildSettings = {
				ALWAYS_EMBED_SWIFT_STANDARD_LIBRARIES = YES;
				CODE_SIGN_STYLE = Automatic;
				CURRENT_PROJECT_VERSION = 1;
				GENERATE_INFOPLIST_FILE = YES;
				MARKETING_VERSION = 1.0;
				PRODUCT_BUNDLE_IDENTIFIER = Gymercise.GymerciseUITests;
				PRODUCT_NAME = "$(TARGET_NAME)";
				SWIFT_EMIT_LOC_STRINGS = NO;
				SWIFT_VERSION = 5.0;
				TARGETED_DEVICE_FAMILY = "1,2";
				TEST_TARGET_NAME = Gymercise;
			};
			name = Release;
		};
/* End XCBuildConfiguration section */

/* Begin XCConfigurationList section */
		A82AEFC42C8AB9760093C55A /* Build configuration list for PBXProject "Gymercise" */ = {
			isa = XCConfigurationList;
			buildConfigurations = (
				A82AEFF02C8AB9780093C55A /* Debug */,
				A82AEFF12C8AB9780093C55A /* Release */,
			);
			defaultConfigurationIsVisible = 0;
			defaultConfigurationName = Release;
		};
		A82AEFF22C8AB9780093C55A /* Build configuration list for PBXNativeTarget "Gymercise" */ = {
			isa = XCConfigurationList;
			buildConfigurations = (
				A82AEFF32C8AB9780093C55A /* Debug */,
				A82AEFF42C8AB9780093C55A /* Release */,
			);
			defaultConfigurationIsVisible = 0;
			defaultConfigurationName = Release;
		};
		A82AEFF52C8AB9780093C55A /* Build configuration list for PBXNativeTarget "GymerciseTests" */ = {
			isa = XCConfigurationList;
			buildConfigurations = (
				A82AEFF62C8AB9780093C55A /* Debug */,
				A82AEFF72C8AB9780093C55A /* Release */,
			);
			defaultConfigurationIsVisible = 0;
			defaultConfigurationName = Release;
		};
		A82AEFF82C8AB9780093C55A /* Build configuration list for PBXNativeTarget "GymerciseUITests" */ = {
			isa = XCConfigurationList;
			buildConfigurations = (
				A82AEFF92C8AB9780093C55A /* Debug */,
				A82AEFFA2C8AB9780093C55A /* Release */,
			);
			defaultConfigurationIsVisible = 0;
			defaultConfigurationName = Release;
		};
/* End XCConfigurationList section */

/* Begin XCVersionGroup section */
		A82AEFD72C8AB9770093C55A /* Gymercise.xcdatamodeld */ = {
			isa = XCVersionGroup;
			children = (
				A82AEFD82C8AB9770093C55A /* Gymercise.xcdatamodel */,
			);
			currentVersion = A82AEFD82C8AB9770093C55A /* Gymercise.xcdatamodel */;
			path = Gymercise.xcdatamodeld;
			sourceTree = "<group>";
			versionGroupType = wrapper.xcdatamodel;
		};
/* End XCVersionGroup section */
	};
	rootObject = A82AEFC12C8AB9760093C55A /* Project object */;
}
